// !$*UTF8*$!
{
	archiveVersion = 1;
	classes = {
	};
	objectVersion = 55;
	objects = {

/* Begin PBXBuildFile section */
		90763ABF280FA8C400AB956E /* IntroSectionWithDropdownNavigationApp.swift in Sources */ = {isa = PBXBuildFile; fileRef = 90763AAF280FA8C300AB956E /* IntroSectionWithDropdownNavigationApp.swift */; };
		90763AC0280FA8C400AB956E /* IntroSectionWithDropdownNavigationApp.swift in Sources */ = {isa = PBXBuildFile; fileRef = 90763AAF280FA8C300AB956E /* IntroSectionWithDropdownNavigationApp.swift */; };
		90763AC1280FA8C400AB956E /* ContentView.swift in Sources */ = {isa = PBXBuildFile; fileRef = 90763AB0280FA8C300AB956E /* ContentView.swift */; };
		90763AC2280FA8C400AB956E /* ContentView.swift in Sources */ = {isa = PBXBuildFile; fileRef = 90763AB0280FA8C300AB956E /* ContentView.swift */; };
		90763AC3280FA8C400AB956E /* Assets.xcassets in Resources */ = {isa = PBXBuildFile; fileRef = 90763AB1280FA8C400AB956E /* Assets.xcassets */; };
		90763AC4280FA8C400AB956E /* Assets.xcassets in Resources */ = {isa = PBXBuildFile; fileRef = 90763AB1280FA8C400AB956E /* Assets.xcassets */; };
		90763AD2280FAB1700AB956E /* HeaderView.swift in Sources */ = {isa = PBXBuildFile; fileRef = 90763AD1280FAB1700AB956E /* HeaderView.swift */; };
		90763AD4280FABE800AB956E /* HeroView.swift in Sources */ = {isa = PBXBuildFile; fileRef = 90763AD3280FABE800AB956E /* HeroView.swift */; };
		90763AD6280FAC3700AB956E /* BodyView.swift in Sources */ = {isa = PBXBuildFile; fileRef = 90763AD5280FAC3700AB956E /* BodyView.swift */; };
		90763AD8280FAD5F00AB956E /* FooterView.swift in Sources */ = {isa = PBXBuildFile; fileRef = 90763AD7280FAD5F00AB956E /* FooterView.swift */; };
/* End PBXBuildFile section */

/* Begin PBXFileReference section */
		90763AAF280FA8C300AB956E /* IntroSectionWithDropdownNavigationApp.swift */ = {isa = PBXFileReference; lastKnownFileType = sourcecode.swift; path = IntroSectionWithDropdownNavigationApp.swift; sourceTree = "<group>"; };
		90763AB0280FA8C300AB956E /* ContentView.swift */ = {isa = PBXFileReference; lastKnownFileType = sourcecode.swift; path = ContentView.swift; sourceTree = "<group>"; };
		90763AB1280FA8C400AB956E /* Assets.xcassets */ = {isa = PBXFileReference; lastKnownFileType = folder.assetcatalog; path = Assets.xcassets; sourceTree = "<group>"; };
		90763AB6280FA8C400AB956E /* Intro Section With Dropdown Navigation.app */ = {isa = PBXFileReference; explicitFileType = wrapper.application; includeInIndex = 0; path = "Intro Section With Dropdown Navigation.app"; sourceTree = BUILT_PRODUCTS_DIR; };
		90763ABC280FA8C400AB956E /* Intro Section With Dropdown Navigation.app */ = {isa = PBXFileReference; explicitFileType = wrapper.application; includeInIndex = 0; path = "Intro Section With Dropdown Navigation.app"; sourceTree = BUILT_PRODUCTS_DIR; };
		90763ABE280FA8C400AB956E /* macOS.entitlements */ = {isa = PBXFileReference; lastKnownFileType = text.plist.entitlements; path = macOS.entitlements; sourceTree = "<group>"; };
		90763AD1280FAB1700AB956E /* HeaderView.swift */ = {isa = PBXFileReference; lastKnownFileType = sourcecode.swift; path = HeaderView.swift; sourceTree = "<group>"; };
		90763AD3280FABE800AB956E /* HeroView.swift */ = {isa = PBXFileReference; lastKnownFileType = sourcecode.swift; path = HeroView.swift; sourceTree = "<group>"; };
		90763AD5280FAC3700AB956E /* BodyView.swift */ = {isa = PBXFileReference; lastKnownFileType = sourcecode.swift; path = BodyView.swift; sourceTree = "<group>"; };
		90763AD7280FAD5F00AB956E /* FooterView.swift */ = {isa = PBXFileReference; lastKnownFileType = sourcecode.swift; path = FooterView.swift; sourceTree = "<group>"; };
/* End PBXFileReference section */

/* Begin PBXFrameworksBuildPhase section */
		90763AB3280FA8C400AB956E /* Frameworks */ = {
			isa = PBXFrameworksBuildPhase;
			buildActionMask = 2147483647;
			files = (
			);
			runOnlyForDeploymentPostprocessing = 0;
		};
		90763AB9280FA8C400AB956E /* Frameworks */ = {
			isa = PBXFrameworksBuildPhase;
			buildActionMask = 2147483647;
			files = (
			);
			runOnlyForDeploymentPostprocessing = 0;
		};
/* End PBXFrameworksBuildPhase section */

/* Begin PBXGroup section */
		90763AA9280FA8C300AB956E = {
			isa = PBXGroup;
			children = (
				90763AAE280FA8C300AB956E /* Shared */,
				90763ABD280FA8C400AB956E /* macOS */,
				90763AB7280FA8C400AB956E /* Products */,
			);
			sourceTree = "<group>";
		};
		90763AAE280FA8C300AB956E /* Shared */ = {
			isa = PBXGroup;
			children = (
				90763ACF280FA8EC00AB956E /* Models */,
				90763ACE280FA8E600AB956E /* Views */,
				90763ACD280FA8DE00AB956E /* App */,
			);
			path = Shared;
			sourceTree = "<group>";
		};
		90763AB7280FA8C400AB956E /* Products */ = {
			isa = PBXGroup;
			children = (
				90763AB6280FA8C400AB956E /* Intro Section With Dropdown Navigation.app */,
				90763ABC280FA8C400AB956E /* Intro Section With Dropdown Navigation.app */,
			);
			name = Products;
			sourceTree = "<group>";
		};
		90763ABD280FA8C400AB956E /* macOS */ = {
			isa = PBXGroup;
			children = (
				90763ABE280FA8C400AB956E /* macOS.entitlements */,
			);
			path = macOS;
			sourceTree = "<group>";
		};
		90763ACD280FA8DE00AB956E /* App */ = {
			isa = PBXGroup;
			children = (
				90763AB1280FA8C400AB956E /* Assets.xcassets */,
				90763AAF280FA8C300AB956E /* IntroSectionWithDropdownNavigationApp.swift */,
			);
			path = App;
			sourceTree = "<group>";
		};
		90763ACE280FA8E600AB956E /* Views */ = {
			isa = PBXGroup;
			children = (
				90763AD0280FAB0C00AB956E /* Header */,
				90763AB0280FA8C300AB956E /* ContentView.swift */,
				90763AD3280FABE800AB956E /* HeroView.swift */,
				90763AD5280FAC3700AB956E /* BodyView.swift */,
				90763AD7280FAD5F00AB956E /* FooterView.swift */,
			);
			path = Views;
			sourceTree = "<group>";
		};
		90763ACF280FA8EC00AB956E /* Models */ = {
			isa = PBXGroup;
			children = (
			);
			path = Models;
			sourceTree = "<group>";
		};
		90763AD0280FAB0C00AB956E /* Header */ = {
			isa = PBXGroup;
			children = (
				90763AD1280FAB1700AB956E /* HeaderView.swift */,
			);
			path = Header;
			sourceTree = "<group>";
		};
/* End PBXGroup section */

/* Begin PBXNativeTarget section */
		90763AB5280FA8C400AB956E /* Intro Section With Dropdown Navigation (iOS) */ = {
			isa = PBXNativeTarget;
			buildConfigurationList = 90763AC7280FA8C400AB956E /* Build configuration list for PBXNativeTarget "Intro Section With Dropdown Navigation (iOS)" */;
			buildPhases = (
				90763AB2280FA8C400AB956E /* Sources */,
				90763AB3280FA8C400AB956E /* Frameworks */,
				90763AB4280FA8C400AB956E /* Resources */,
			);
			buildRules = (
			);
			dependencies = (
			);
			name = "Intro Section With Dropdown Navigation (iOS)";
			productName = "IntroSectionWithDropdownNavigation (iOS)";
			productReference = 90763AB6280FA8C400AB956E /* Intro Section With Dropdown Navigation.app */;
			productType = "com.apple.product-type.application";
		};
		90763ABB280FA8C400AB956E /* Intro Section With Dropdown Navigation (macOS) */ = {
			isa = PBXNativeTarget;
			buildConfigurationList = 90763ACA280FA8C400AB956E /* Build configuration list for PBXNativeTarget "Intro Section With Dropdown Navigation (macOS)" */;
			buildPhases = (
				90763AB8280FA8C400AB956E /* Sources */,
				90763AB9280FA8C400AB956E /* Frameworks */,
				90763ABA280FA8C400AB956E /* Resources */,
			);
			buildRules = (
			);
			dependencies = (
			);
			name = "Intro Section With Dropdown Navigation (macOS)";
			productName = "IntroSectionWithDropdownNavigation (macOS)";
			productReference = 90763ABC280FA8C400AB956E /* Intro Section With Dropdown Navigation.app */;
			productType = "com.apple.product-type.application";
		};
/* End PBXNativeTarget section */

/* Begin PBXProject section */
		90763AAA280FA8C300AB956E /* Project object */ = {
			isa = PBXProject;
			attributes = {
				BuildIndependentTargetsInParallel = 1;
				LastSwiftUpdateCheck = 1330;
				LastUpgradeCheck = 1330;
				TargetAttributes = {
					90763AB5280FA8C400AB956E = {
						CreatedOnToolsVersion = 13.3;
					};
					90763ABB280FA8C400AB956E = {
						CreatedOnToolsVersion = 13.3;
					};
				};
			};
			buildConfigurationList = 90763AAD280FA8C300AB956E /* Build configuration list for PBXProject "Intro Section With Dropdown Navigation" */;
			compatibilityVersion = "Xcode 13.0";
			developmentRegion = en;
			hasScannedForEncodings = 0;
			knownRegions = (
				en,
				Base,
			);
			mainGroup = 90763AA9280FA8C300AB956E;
			productRefGroup = 90763AB7280FA8C400AB956E /* Products */;
			projectDirPath = "";
			projectRoot = "";
			targets = (
				90763AB5280FA8C400AB956E /* Intro Section With Dropdown Navigation (iOS) */,
				90763ABB280FA8C400AB956E /* Intro Section With Dropdown Navigation (macOS) */,
			);
		};
/* End PBXProject section */

/* Begin PBXResourcesBuildPhase section */
		90763AB4280FA8C400AB956E /* Resources */ = {
			isa = PBXResourcesBuildPhase;
			buildActionMask = 2147483647;
			files = (
				90763AC3280FA8C400AB956E /* Assets.xcassets in Resources */,
			);
			runOnlyForDeploymentPostprocessing = 0;
		};
		90763ABA280FA8C400AB956E /* Resources */ = {
			isa = PBXResourcesBuildPhase;
			buildActionMask = 2147483647;
			files = (
				90763AC4280FA8C400AB956E /* Assets.xcassets in Resources */,
			);
			runOnlyForDeploymentPostprocessing = 0;
		};
/* End PBXResourcesBuildPhase section */

/* Begin PBXSourcesBuildPhase section */
		90763AB2280FA8C400AB956E /* Sources */ = {
			isa = PBXSourcesBuildPhase;
			buildActionMask = 2147483647;
			files = (
				90763AC1280FA8C400AB956E /* ContentView.swift in Sources */,
				90763AD2280FAB1700AB956E /* HeaderView.swift in Sources */,
				90763AD6280FAC3700AB956E /* BodyView.swift in Sources */,
				90763AD8280FAD5F00AB956E /* FooterView.swift in Sources */,
				90763AD4280FABE800AB956E /* HeroView.swift in Sources */,
				90763ABF280FA8C400AB956E /* IntroSectionWithDropdownNavigationApp.swift in Sources */,
			);
			runOnlyForDeploymentPostprocessing = 0;
		};
		90763AB8280FA8C400AB956E /* Sources */ = {
			isa = PBXSourcesBuildPhase;
			buildActionMask = 2147483647;
			files = (
				90763AC2280FA8C400AB956E /* ContentView.swift in Sources */,
				90763AC0280FA8C400AB956E /* IntroSectionWithDropdownNavigationApp.swift in Sources */,
			);
			runOnlyForDeploymentPostprocessing = 0;
		};
/* End PBXSourcesBuildPhase section */

/* Begin XCBuildConfiguration section */
		90763AC5280FA8C400AB956E /* Debug */ = {
			isa = XCBuildConfiguration;
			buildSettings = {
				ALWAYS_SEARCH_USER_PATHS = NO;
				CLANG_ANALYZER_NONNULL = YES;
				CLANG_ANALYZER_NUMBER_OBJECT_CONVERSION = YES_AGGRESSIVE;
				CLANG_CXX_LANGUAGE_STANDARD = "gnu++17";
				CLANG_ENABLE_MODULES = YES;
				CLANG_ENABLE_OBJC_ARC = YES;
				CLANG_ENABLE_OBJC_WEAK = YES;
				CLANG_WARN_BLOCK_CAPTURE_AUTORELEASING = YES;
				CLANG_WARN_BOOL_CONVERSION = YES;
				CLANG_WARN_COMMA = YES;
				CLANG_WARN_CONSTANT_CONVERSION = YES;
				CLANG_WARN_DEPRECATED_OBJC_IMPLEMENTATIONS = YES;
				CLANG_WARN_DIRECT_OBJC_ISA_USAGE = YES_ERROR;
				CLANG_WARN_DOCUMENTATION_COMMENTS = YES;
				CLANG_WARN_EMPTY_BODY = YES;
				CLANG_WARN_ENUM_CONVERSION = YES;
				CLANG_WARN_INFINITE_RECURSION = YES;
				CLANG_WARN_INT_CONVERSION = YES;
				CLANG_WARN_NON_LITERAL_NULL_CONVERSION = YES;
				CLANG_WARN_OBJC_IMPLICIT_RETAIN_SELF = YES;
				CLANG_WARN_OBJC_LITERAL_CONVERSION = YES;
				CLANG_WARN_OBJC_ROOT_CLASS = YES_ERROR;
				CLANG_WARN_QUOTED_INCLUDE_IN_FRAMEWORK_HEADER = YES;
				CLANG_WARN_RANGE_LOOP_ANALYSIS = YES;
				CLANG_WARN_STRICT_PROTOTYPES = YES;
				CLANG_WARN_SUSPICIOUS_MOVE = YES;
				CLANG_WARN_UNGUARDED_AVAILABILITY = YES_AGGRESSIVE;
				CLANG_WARN_UNREACHABLE_CODE = YES;
				CLANG_WARN__DUPLICATE_METHOD_MATCH = YES;
				COPY_PHASE_STRIP = NO;
				DEBUG_INFORMATION_FORMAT = dwarf;
				ENABLE_STRICT_OBJC_MSGSEND = YES;
				ENABLE_TESTABILITY = YES;
				GCC_C_LANGUAGE_STANDARD = gnu11;
				GCC_DYNAMIC_NO_PIC = NO;
				GCC_NO_COMMON_BLOCKS = YES;
				GCC_OPTIMIZATION_LEVEL = 0;
				GCC_PREPROCESSOR_DEFINITIONS = (
					"DEBUG=1",
					"$(inherited)",
				);
				GCC_WARN_64_TO_32_BIT_CONVERSION = YES;
				GCC_WARN_ABOUT_RETURN_TYPE = YES_ERROR;
				GCC_WARN_UNDECLARED_SELECTOR = YES;
				GCC_WARN_UNINITIALIZED_AUTOS = YES_AGGRESSIVE;
				GCC_WARN_UNUSED_FUNCTION = YES;
				GCC_WARN_UNUSED_VARIABLE = YES;
				IPHONEOS_DEPLOYMENT_TARGET = 15.4;
				MACOSX_DEPLOYMENT_TARGET = 12.3;
				MTL_ENABLE_DEBUG_INFO = INCLUDE_SOURCE;
				MTL_FAST_MATH = YES;
				ONLY_ACTIVE_ARCH = YES;
				SWIFT_ACTIVE_COMPILATION_CONDITIONS = DEBUG;
				SWIFT_OPTIMIZATION_LEVEL = "-Onone";
			};
			name = Debug;
		};
		90763AC6280FA8C400AB956E /* Release */ = {
			isa = XCBuildConfiguration;
			buildSettings = {
				ALWAYS_SEARCH_USER_PATHS = NO;
				CLANG_ANALYZER_NONNULL = YES;
				CLANG_ANALYZER_NUMBER_OBJECT_CONVERSION = YES_AGGRESSIVE;
				CLANG_CXX_LANGUAGE_STANDARD = "gnu++17";
				CLANG_ENABLE_MODULES = YES;
				CLANG_ENABLE_OBJC_ARC = YES;
				CLANG_ENABLE_OBJC_WEAK = YES;
				CLANG_WARN_BLOCK_CAPTURE_AUTORELEASING = YES;
				CLANG_WARN_BOOL_CONVERSION = YES;
				CLANG_WARN_COMMA = YES;
				CLANG_WARN_CONSTANT_CONVERSION = YES;
				CLANG_WARN_DEPRECATED_OBJC_IMPLEMENTATIONS = YES;
				CLANG_WARN_DIRECT_OBJC_ISA_USAGE = YES_ERROR;
				CLANG_WARN_DOCUMENTATION_COMMENTS = YES;
				CLANG_WARN_EMPTY_BODY = YES;
				CLANG_WARN_ENUM_CONVERSION = YES;
				CLANG_WARN_INFINITE_RECURSION = YES;
				CLANG_WARN_INT_CONVERSION = YES;
				CLANG_WARN_NON_LITERAL_NULL_CONVERSION = YES;
				CLANG_WARN_OBJC_IMPLICIT_RETAIN_SELF = YES;
				CLANG_WARN_OBJC_LITERAL_CONVERSION = YES;
				CLANG_WARN_OBJC_ROOT_CLASS = YES_ERROR;
				CLANG_WARN_QUOTED_INCLUDE_IN_FRAMEWORK_HEADER = YES;
				CLANG_WARN_RANGE_LOOP_ANALYSIS = YES;
				CLANG_WARN_STRICT_PROTOTYPES = YES;
				CLANG_WARN_SUSPICIOUS_MOVE = YES;
				CLANG_WARN_UNGUARDED_AVAILABILITY = YES_AGGRESSIVE;
				CLANG_WARN_UNREACHABLE_CODE = YES;
				CLANG_WARN__DUPLICATE_METHOD_MATCH = YES;
				COPY_PHASE_STRIP = NO;
				DEBUG_INFORMATION_FORMAT = "dwarf-with-dsym";
				ENABLE_NS_ASSERTIONS = NO;
				ENABLE_STRICT_OBJC_MSGSEND = YES;
				GCC_C_LANGUAGE_STANDARD = gnu11;
				GCC_NO_COMMON_BLOCKS = YES;
				GCC_WARN_64_TO_32_BIT_CONVERSION = YES;
				GCC_WARN_ABOUT_RETURN_TYPE = YES_ERROR;
				GCC_WARN_UNDECLARED_SELECTOR = YES;
				GCC_WARN_UNINITIALIZED_AUTOS = YES_AGGRESSIVE;
				GCC_WARN_UNUSED_FUNCTION = YES;
				GCC_WARN_UNUSED_VARIABLE = YES;
				IPHONEOS_DEPLOYMENT_TARGET = 15.4;
				MACOSX_DEPLOYMENT_TARGET = 12.3;
				MTL_ENABLE_DEBUG_INFO = NO;
				MTL_FAST_MATH = YES;
				SWIFT_COMPILATION_MODE = wholemodule;
				SWIFT_OPTIMIZATION_LEVEL = "-O";
			};
			name = Release;
		};
		90763AC8280FA8C400AB956E /* Debug */ = {
			isa = XCBuildConfiguration;
			buildSettings = {
				ASSETCATALOG_COMPILER_APPICON_NAME = AppIcon;
				ASSETCATALOG_COMPILER_GLOBAL_ACCENT_COLOR_NAME = AccentColor;
				CODE_SIGN_STYLE = Automatic;
				CURRENT_PROJECT_VERSION = 1;
				DEVELOPMENT_TEAM = 862P2X6G9G;
				ENABLE_PREVIEWS = YES;
				GENERATE_INFOPLIST_FILE = YES;
				INFOPLIST_KEY_UIApplicationSceneManifest_Generation = YES;
				INFOPLIST_KEY_UIApplicationSupportsIndirectInputEvents = YES;
				INFOPLIST_KEY_UILaunchScreen_Generation = YES;
				INFOPLIST_KEY_UISupportedInterfaceOrientations_iPad = "UIInterfaceOrientationPortrait UIInterfaceOrientationPortraitUpsideDown UIInterfaceOrientationLandscapeLeft UIInterfaceOrientationLandscapeRight";
				INFOPLIST_KEY_UISupportedInterfaceOrientations_iPhone = "UIInterfaceOrientationPortrait UIInterfaceOrientationLandscapeLeft UIInterfaceOrientationLandscapeRight";
				IPHONEOS_DEPLOYMENT_TARGET = 15.4;
				LD_RUNPATH_SEARCH_PATHS = (
					"$(inherited)",
					"@executable_path/Frameworks",
				);
				MARKETING_VERSION = 1.0;
				PRODUCT_BUNDLE_IDENTIFIER = me.jinwook.kim.IntroSectionWithDropdownNavigation;
				PRODUCT_NAME = "Intro Section With Dropdown Navigation";
				SDKROOT = iphoneos;
				SWIFT_EMIT_LOC_STRINGS = YES;
				SWIFT_VERSION = 5.0;
				TARGETED_DEVICE_FAMILY = "1,2";
			};
			name = Debug;
		};
		90763AC9280FA8C400AB956E /* Release */ = {
			isa = XCBuildConfiguration;
			buildSettings = {
				ASSETCATALOG_COMPILER_APPICON_NAME = AppIcon;
				ASSETCATALOG_COMPILER_GLOBAL_ACCENT_COLOR_NAME = AccentColor;
				CODE_SIGN_STYLE = Automatic;
				CURRENT_PROJECT_VERSION = 1;
				DEVELOPMENT_TEAM = 862P2X6G9G;
				ENABLE_PREVIEWS = YES;
				GENERATE_INFOPLIST_FILE = YES;
				INFOPLIST_KEY_UIApplicationSceneManifest_Generation = YES;
				INFOPLIST_KEY_UIApplicationSupportsIndirectInputEvents = YES;
				INFOPLIST_KEY_UILaunchScreen_Generation = YES;
				INFOPLIST_KEY_UISupportedInterfaceOrientations_iPad = "UIInterfaceOrientationPortrait UIInterfaceOrientationPortraitUpsideDown UIInterfaceOrientationLandscapeLeft UIInterfaceOrientationLandscapeRight";
				INFOPLIST_KEY_UISupportedInterfaceOrientations_iPhone = "UIInterfaceOrientationPortrait UIInterfaceOrientationLandscapeLeft UIInterfaceOrientationLandscapeRight";
				IPHONEOS_DEPLOYMENT_TARGET = 15.4;
				LD_RUNPATH_SEARCH_PATHS = (
					"$(inherited)",
					"@executable_path/Frameworks",
				);
				MARKETING_VERSION = 1.0;
				PRODUCT_BUNDLE_IDENTIFIER = me.jinwook.kim.IntroSectionWithDropdownNavigation;
				PRODUCT_NAME = "Intro Section With Dropdown Navigation";
				SDKROOT = iphoneos;
				SWIFT_EMIT_LOC_STRINGS = YES;
				SWIFT_VERSION = 5.0;
				TARGETED_DEVICE_FAMILY = "1,2";
				VALIDATE_PRODUCT = YES;
			};
			name = Release;
		};
		90763ACB280FA8C400AB956E /* Debug */ = {
			isa = XCBuildConfiguration;
			buildSettings = {
				ASSETCATALOG_COMPILER_APPICON_NAME = AppIcon;
				ASSETCATALOG_COMPILER_GLOBAL_ACCENT_COLOR_NAME = AccentColor;
				CODE_SIGN_ENTITLEMENTS = macOS/macOS.entitlements;
				CODE_SIGN_STYLE = Automatic;
				COMBINE_HIDPI_IMAGES = YES;
				CURRENT_PROJECT_VERSION = 1;
				DEVELOPMENT_TEAM = 862P2X6G9G;
				ENABLE_HARDENED_RUNTIME = YES;
				ENABLE_PREVIEWS = YES;
				GENERATE_INFOPLIST_FILE = YES;
				INFOPLIST_KEY_NSHumanReadableCopyright = "";
				LD_RUNPATH_SEARCH_PATHS = (
					"$(inherited)",
					"@executable_path/../Frameworks",
				);
				MACOSX_DEPLOYMENT_TARGET = 12.3;
				MARKETING_VERSION = 1.0;
				PRODUCT_BUNDLE_IDENTIFIER = me.jinwook.kim.IntroSectionWithDropdownNavigation;
				PRODUCT_NAME = "Intro Section With Dropdown Navigation";
				SDKROOT = macosx;
				SWIFT_EMIT_LOC_STRINGS = YES;
				SWIFT_VERSION = 5.0;
			};
			name = Debug;
		};
		90763ACC280FA8C400AB956E /* Release */ = {
			isa = XCBuildConfiguration;
			buildSettings = {
				ASSETCATALOG_COMPILER_APPICON_NAME = AppIcon;
				ASSETCATALOG_COMPILER_GLOBAL_ACCENT_COLOR_NAME = AccentColor;
				CODE_SIGN_ENTITLEMENTS = macOS/macOS.entitlements;
				CODE_SIGN_STYLE = Automatic;
				COMBINE_HIDPI_IMAGES = YES;
				CURRENT_PROJECT_VERSION = 1;
				DEVELOPMENT_TEAM = 862P2X6G9G;
				ENABLE_HARDENED_RUNTIME = YES;
				ENABLE_PREVIEWS = YES;
				GENERATE_INFOPLIST_FILE = YES;
				INFOPLIST_KEY_NSHumanReadableCopyright = "";
				LD_RUNPATH_SEARCH_PATHS = (
					"$(inherited)",
					"@executable_path/../Frameworks",
				);
				MACOSX_DEPLOYMENT_TARGET = 12.3;
				MARKETING_VERSION = 1.0;
				PRODUCT_BUNDLE_IDENTIFIER = me.jinwook.kim.IntroSectionWithDropdownNavigation;
				PRODUCT_NAME = "Intro Section With Dropdown Navigation";
				SDKROOT = macosx;
				SWIFT_EMIT_LOC_STRINGS = YES;
				SWIFT_VERSION = 5.0;
			};
			name = Release;
		};
/* End XCBuildConfiguration section */

/* Begin XCConfigurationList section */
		90763AAD280FA8C300AB956E /* Build configuration list for PBXProject "Intro Section With Dropdown Navigation" */ = {
			isa = XCConfigurationList;
			buildConfigurations = (
				90763AC5280FA8C400AB956E /* Debug */,
				90763AC6280FA8C400AB956E /* Release */,
			);
			defaultConfigurationIsVisible = 0;
			defaultConfigurationName = Release;
		};
		90763AC7280FA8C400AB956E /* Build configuration list for PBXNativeTarget "Intro Section With Dropdown Navigation (iOS)" */ = {
			isa = XCConfigurationList;
			buildConfigurations = (
				90763AC8280FA8C400AB956E /* Debug */,
				90763AC9280FA8C400AB956E /* Release */,
			);
			defaultConfigurationIsVisible = 0;
			defaultConfigurationName = Release;
		};
		90763ACA280FA8C400AB956E /* Build configuration list for PBXNativeTarget "Intro Section With Dropdown Navigation (macOS)" */ = {
			isa = XCConfigurationList;
			buildConfigurations = (
				90763ACB280FA8C400AB956E /* Debug */,
				90763ACC280FA8C400AB956E /* Release */,
			);
			defaultConfigurationIsVisible = 0;
			defaultConfigurationName = Release;
		};
/* End XCConfigurationList section */
	};
	rootObject = 90763AAA280FA8C300AB956E /* Project object */;
}
